Microsoft Visual Studio Solution File, Format Version 12.00
# Visual Studio Version 17
VisualStudioVersion = 17.13.35825.156
MinimumVisualStudioVersion = 10.0.40219.1
Project("{2150E333-8FDC-42A3-9474-1A3956D46DE8}") = "Services", "Services", "{02EA681E-C7D8-13C7-8484-4AC65E1B71E8}"
EndProject
Project("{2150E333-8FDC-42A3-9474-1A3956D46DE8}") = "Catalog", "Catalog", "{A83E2E69-DC2B-4034-B1CB-ED9C834A8A78}"
EndProject
Project("{FAE04EC0-301F-11D3-BF4B-00C04F79EFBC}") = "MultiShop.Catalog", "Services\Catalog\MultiShop.Catalog\MultiShop.Catalog.csproj", "{87383070-058A-435E-9423-AF78455616A5}"
EndProject
Project("{2150E333-8FDC-42A3-9474-1A3956D46DE8}") = "Discount", "Discount", "{B0C57B70-F100-4CFA-A3A7-61BF767B7AD8}"
EndProject
Project("{FAE04EC0-301F-11D3-BF4B-00C04F79EFBC}") = "MultiShop.Discount", "Services\Discount\MultiShop.Discount\MultiShop.Discount.csproj", "{E0215129-7672-43C0-8BA0-5A064008FFE7}"
EndProject
Project("{2150E333-8FDC-42A3-9474-1A3956D46DE8}") = "Order", "Order", "{352097BE-81BC-472C-9476-8A596A26541B}"
EndProject
Project("{2150E333-8FDC-42A3-9474-1A3956D46DE8}") = "Core", "Core", "{D9CEAC3A-F4BF-4848-8BA3-14F7165AC0CA}"
EndProject
Project("{2150E333-8FDC-42A3-9474-1A3956D46DE8}") = "Infrastructure", "Infrastructure", "{6E2ED424-F711-4AF4-8AB3-2CC05689BD3D}"
EndProject
Project("{2150E333-8FDC-42A3-9474-1A3956D46DE8}") = "Presentation", "Presentation", "{4D0B04E8-6436-4E6E-AA3D-7759C54575D4}"
EndProject
Project("{FAE04EC0-301F-11D3-BF4B-00C04F79EFBC}") = "MultiShop.Order.Domain", "Services\Order\Core\MultiShop.Order.Domain\MultiShop.Order.Domain.csproj", "{B1B4617A-7E31-452B-8F1B-7B8312BCB2D1}"
EndProject
Project("{FAE04EC0-301F-11D3-BF4B-00C04F79EFBC}") = "MultiShop.Order.Application", "Services\Order\Core\MultiShop.Order.Application\MultiShop.Order.Application.csproj", "{656D4F8B-8C0C-45C0-9A7D-41C83EBBBC99}"
EndProject
Project("{FAE04EC0-301F-11D3-BF4B-00C04F79EFBC}") = "MultiShop.Order.Persistence", "Services\Order\Infrastructure\MultiShop.Order.Persistence\MultiShop.Order.Persistence.csproj", "{E5ACF0B9-CAB4-4B8B-AFEC-A93933F9175C}"
EndProject
Project("{FAE04EC0-301F-11D3-BF4B-00C04F79EFBC}") = "MultiShop.Order.WebApi", "Services\Order\Presentation\MultiShop.Order.WebApi\MultiShop.Order.WebApi.csproj", "{354D37F2-4E02-42DA-B753-5EE23B280F79}"
EndProject
Project("{2150E333-8FDC-42A3-9474-1A3956D46DE8}") = "IdentityFolder", "IdentityFolder", "{F0603C5B-21C2-4ADB-8B19-605B99B0FBC5}"
EndProject
Project("{FAE04EC0-301F-11D3-BF4B-00C04F79EFBC}") = "MultiShop.IdentityServer", "IdentityServer\MultiShop.IdentityServer\MultiShop.IdentityServer.csproj", "{EA14094F-FB55-5ABC-1402-B4229C4AD0B1}"
EndProject
Global
	GlobalSection(SolutionConfigurationPlatforms) = preSolution
		Debug|Any CPU = Debug|Any CPU
		Release|Any CPU = Release|Any CPU
	EndGlobalSection
	GlobalSection(ProjectConfigurationPlatforms) = postSolution
		{87383070-058A-435E-9423-AF78455616A5}.Debug|Any CPU.ActiveCfg = Debug|Any CPU
		{87383070-058A-435E-9423-AF78455616A5}.Debug|Any CPU.Build.0 = Debug|Any CPU
		{87383070-058A-435E-9423-AF78455616A5}.Release|Any CPU.ActiveCfg = Release|Any CPU
		{87383070-058A-435E-9423-AF78455616A5}.Release|Any CPU.Build.0 = Release|Any CPU
		{E0215129-7672-43C0-8BA0-5A064008FFE7}.Debug|Any CPU.ActiveCfg = Debug|Any CPU
		{E0215129-7672-43C0-8BA0-5A064008FFE7}.Debug|Any CPU.Build.0 = Debug|Any CPU
		{E0215129-7672-43C0-8BA0-5A064008FFE7}.Release|Any CPU.ActiveCfg = Release|Any CPU
		{E0215129-7672-43C0-8BA0-5A064008FFE7}.Release|Any CPU.Build.0 = Release|Any CPU
		{B1B4617A-7E31-452B-8F1B-7B8312BCB2D1}.Debug|Any CPU.ActiveCfg = Debug|Any CPU
		{B1B4617A-7E31-452B-8F1B-7B8312BCB2D1}.Debug|Any CPU.Build.0 = Debug|Any CPU
		{B1B4617A-7E31-452B-8F1B-7B8312BCB2D1}.Release|Any CPU.ActiveCfg = Release|Any CPU
		{B1B4617A-7E31-452B-8F1B-7B8312BCB2D1}.Release|Any CPU.Build.0 = Release|Any CPU
		{656D4F8B-8C0C-45C0-9A7D-41C83EBBBC99}.Debug|Any CPU.ActiveCfg = Debug|Any CPU
		{656D4F8B-8C0C-45C0-9A7D-41C83EBBBC99}.Debug|Any CPU.Build.0 = Debug|Any CPU
		{656D4F8B-8C0C-45C0-9A7D-41C83EBBBC99}.Release|Any CPU.ActiveCfg = Release|Any CPU
		{656D4F8B-8C0C-45C0-9A7D-41C83EBBBC99}.Release|Any CPU.Build.0 = Release|Any CPU
		{E5ACF0B9-CAB4-4B8B-AFEC-A93933F9175C}.Debug|Any CPU.ActiveCfg = Debug|Any CPU
		{E5ACF0B9-CAB4-4B8B-AFEC-A93933F9175C}.Debug|Any CPU.Build.0 = Debug|Any CPU
		{E5ACF0B9-CAB4-4B8B-AFEC-A93933F9175C}.Release|Any CPU.ActiveCfg = Release|Any CPU
		{E5ACF0B9-CAB4-4B8B-AFEC-A93933F9175C}.Release|Any CPU.Build.0 = Release|Any CPU
		{354D37F2-4E02-42DA-B753-5EE23B280F79}.Debug|Any CPU.ActiveCfg = Debug|Any CPU
		{354D37F2-4E02-42DA-B753-5EE23B280F79}.Debug|Any CPU.Build.0 = Debug|Any CPU
		{354D37F2-4E02-42DA-B753-5EE23B280F79}.Release|Any CPU.ActiveCfg = Release|Any CPU
		{354D37F2-4E02-42DA-B753-5EE23B280F79}.Release|Any CPU.Build.0 = Release|Any CPU
		{EA14094F-FB55-5ABC-1402-B4229C4AD0B1}.Debug|Any CPU.ActiveCfg = Debug|Any CPU
		{EA14094F-FB55-5ABC-1402-B4229C4AD0B1}.Debug|Any CPU.Build.0 = Debug|Any CPU
		{EA14094F-FB55-5ABC-1402-B4229C4AD0B1}.Release|Any CPU.ActiveCfg = Release|Any CPU
		{EA14094F-FB55-5ABC-1402-B4229C4AD0B1}.Release|Any CPU.Build.0 = Release|Any CPU
	EndGlobalSection
	GlobalSection(SolutionProperties) = preSolution
		HideSolutionNode = FALSE
	EndGlobalSection
	GlobalSection(NestedProjects) = preSolution
		{A83E2E69-DC2B-4034-B1CB-ED9C834A8A78} = {02EA681E-C7D8-13C7-8484-4AC65E1B71E8}
		{87383070-058A-435E-9423-AF78455616A5} = {A83E2E69-DC2B-4034-B1CB-ED9C834A8A78}
		{B0C57B70-F100-4CFA-A3A7-61BF767B7AD8} = {02EA681E-C7D8-13C7-8484-4AC65E1B71E8}
		{E0215129-7672-43C0-8BA0-5A064008FFE7} = {B0C57B70-F100-4CFA-A3A7-61BF767B7AD8}
		{352097BE-81BC-472C-9476-8A596A26541B} = {02EA681E-C7D8-13C7-8484-4AC65E1B71E8}
		{D9CEAC3A-F4BF-4848-8BA3-14F7165AC0CA} = {352097BE-81BC-472C-9476-8A596A26541B}
		{6E2ED424-F711-4AF4-8AB3-2CC05689BD3D} = {352097BE-81BC-472C-9476-8A596A26541B}
		{4D0B04E8-6436-4E6E-AA3D-7759C54575D4} = {352097BE-81BC-472C-9476-8A596A26541B}
		{B1B4617A-7E31-452B-8F1B-7B8312BCB2D1} = {D9CEAC3A-F4BF-4848-8BA3-14F7165AC0CA}
		{656D4F8B-8C0C-45C0-9A7D-41C83EBBBC99} = {D9CEAC3A-F4BF-4848-8BA3-14F7165AC0CA}
		{E5ACF0B9-CAB4-4B8B-AFEC-A93933F9175C} = {6E2ED424-F711-4AF4-8AB3-2CC05689BD3D}
		{354D37F2-4E02-42DA-B753-5EE23B280F79} = {4D0B04E8-6436-4E6E-AA3D-7759C54575D4}
		{EA14094F-FB55-5ABC-1402-B4229C4AD0B1} = {F0603C5B-21C2-4ADB-8B19-605B99B0FBC5}
	EndGlobalSection
	GlobalSection(ExtensibilityGlobals) = postSolution
		SolutionGuid = {3750898D-F55A-4FC3-A1A8-0C07AF63254F}
	EndGlobalSection
EndGlobal
